PODS:
  - Alamofire (5.6.4)
  - IQKeyboardManagerSwift (6.5.11)
  - lottie-ios (3.5.0)
  - SDWebImage (5.15.0):
    - SDWebImage/Core (= 5.15.0)
  - SDWebImage/Core (5.15.0)
  - SwiftyJSON (5.0.1)

DEPENDENCIES:
  - Alamofire
  - IQKeyboardManagerSwift
  - lottie-ios (= 3.5)
  - SDWebImage
  - SwiftyJSON

SPEC REPOS:
  trunk:
    - Alamofire
    - IQKeyboardManagerSwift
    - lottie-ios
    - SDWebImage
    - SwiftyJSON

SPEC CHECKSUMS:
  Alamofire: 4e95d97098eacb88856099c4fc79b526a299e48c
  IQKeyboardManagerSwift: c7955c0bdbf7b2eb29bb7daaa44e3d90f55a9a85
  lottie-ios: c55158d67d0629a260625cc2ded2052b829e3c3e
  SDWebImage: 9bec4c5cdd9579e1f57104735ee0c37df274d593
  SwiftyJSON: 2f33a42c6fbc52764d96f13368585094bfd8aa5e

PODFILE CHECKSUM: e0028bdccd62ba87b091e245396c6317043eb3e0

COCOAPODS: 1.11.3
